// !$*UTF8*$!
{
	archiveVersion = 1;
	classes = {
	};
	objectVersion = 56;
	objects = {

/* Begin PBXBuildFile section */
		D929232C2B7139BE00F091F4 /* AppDelegate.swift in Sources */ = {isa = PBXBuildFile; fileRef = D929232B2B7139BE00F091F4 /* AppDelegate.swift */; };
		D92923382B7139BF00F091F4 /* Assets.xcassets in Resources */ = {isa = PBXBuildFile; fileRef = D92923372B7139BF00F091F4 /* Assets.xcassets */; };
		D929233B2B7139BF00F091F4 /* LaunchScreen.storyboard in Resources */ = {isa = PBXBuildFile; fileRef = D92923392B7139BF00F091F4 /* LaunchScreen.storyboard */; };
		D92923462B7139BF00F091F4 /* Trending_MoviesTests.swift in Sources */ = {isa = PBXBuildFile; fileRef = D92923452B7139BF00F091F4 /* Trending_MoviesTests.swift */; };
		D9DF06282B725F7E004B14A1 /* AppCoordinator.swift in Sources */ = {isa = PBXBuildFile; fileRef = D9DF06272B725F7E004B14A1 /* AppCoordinator.swift */; };
		D9DF062D2B727DD8004B14A1 /* Movie.swift in Sources */ = {isa = PBXBuildFile; fileRef = D9DF062C2B727DD8004B14A1 /* Movie.swift */; };
		D9DF062F2B727EED004B14A1 /* MoviesPage.swift in Sources */ = {isa = PBXBuildFile; fileRef = D9DF062E2B727EED004B14A1 /* MoviesPage.swift */; };
		D9DF06312B727F74004B14A1 /* Genre.swift in Sources */ = {isa = PBXBuildFile; fileRef = D9DF06302B727F74004B14A1 /* Genre.swift */; };
		D9DF06352B729B5F004B14A1 /* NetworkService.swift in Sources */ = {isa = PBXBuildFile; fileRef = D9DF06342B729B5F004B14A1 /* NetworkService.swift */; };
		D9DF06382B729C87004B14A1 /* RxCocoa in Frameworks */ = {isa = PBXBuildFile; productRef = D9DF06372B729C87004B14A1 /* RxCocoa */; };
		D9DF063A2B729FC2004B14A1 /* Environment.swift in Sources */ = {isa = PBXBuildFile; fileRef = D9DF06392B729FC2004B14A1 /* Environment.swift */; };
		D9DF063C2B72A11B004B14A1 /* EndPoint.swift in Sources */ = {isa = PBXBuildFile; fileRef = D9DF063B2B72A11B004B14A1 /* EndPoint.swift */; };
		D9DF063E2B72A204004B14A1 /* NetworkConfig.swift in Sources */ = {isa = PBXBuildFile; fileRef = D9DF063D2B72A204004B14A1 /* NetworkConfig.swift */; };
		D9DF06412B72A4BD004B14A1 /* Trending_Movies.xcdatamodeld in Sources */ = {isa = PBXBuildFile; fileRef = D92923342B7139BE00F091F4 /* Trending_Movies.xcdatamodeld */; };
		D9DF06442B7363E3004B14A1 /* MovieSummaryDTO.swift in Sources */ = {isa = PBXBuildFile; fileRef = D9DF06432B7363E3004B14A1 /* MovieSummaryDTO.swift */; };
		D9DF06462B73642F004B14A1 /* MovieDetailsDTO.swift in Sources */ = {isa = PBXBuildFile; fileRef = D9DF06452B73642F004B14A1 /* MovieDetailsDTO.swift */; };
		D9DF06482B7371FD004B14A1 /* MovieRepository.swift in Sources */ = {isa = PBXBuildFile; fileRef = D9DF06472B7371FD004B14A1 /* MovieRepository.swift */; };
		D9DF064B2B73790C004B14A1 /* MoviesPageEntity+DataMapping.swift in Sources */ = {isa = PBXBuildFile; fileRef = D9DF064A2B73790C004B14A1 /* MoviesPageEntity+DataMapping.swift */; };
		D9DF064D2B737A35004B14A1 /* MovieEntity+DataMapping.swift in Sources */ = {isa = PBXBuildFile; fileRef = D9DF064C2B737A35004B14A1 /* MovieEntity+DataMapping.swift */; };
		D9DF064F2B73A823004B14A1 /* Genre+DTO.swift in Sources */ = {isa = PBXBuildFile; fileRef = D9DF064E2B73A823004B14A1 /* Genre+DTO.swift */; };
		D9DF06512B73AC02004B14A1 /* GenreEntity+DataMapping.swift in Sources */ = {isa = PBXBuildFile; fileRef = D9DF06502B73AC02004B14A1 /* GenreEntity+DataMapping.swift */; };
		D9DF06532B73AC84004B14A1 /* GenreRepository.swift in Sources */ = {isa = PBXBuildFile; fileRef = D9DF06522B73AC84004B14A1 /* GenreRepository.swift */; };
		D9DF06552B73BD0D004B14A1 /* SpokenLanguage+DTO.swift in Sources */ = {isa = PBXBuildFile; fileRef = D9DF06542B73BD0D004B14A1 /* SpokenLanguage+DTO.swift */; };
/* End PBXBuildFile section */

/* Begin PBXContainerItemProxy section */
		D92923422B7139BF00F091F4 /* PBXContainerItemProxy */ = {
			isa = PBXContainerItemProxy;
			containerPortal = D92923202B7139BE00F091F4 /* Project object */;
			proxyType = 1;
			remoteGlobalIDString = D92923272B7139BE00F091F4;
			remoteInfo = "Trending Movies";
		};
		D929234C2B7139BF00F091F4 /* PBXContainerItemProxy */ = {
			isa = PBXContainerItemProxy;
			containerPortal = D92923202B7139BE00F091F4 /* Project object */;
			proxyType = 1;
			remoteGlobalIDString = D92923272B7139BE00F091F4;
			remoteInfo = "Trending Movies";
		};
/* End PBXContainerItemProxy section */

/* Begin PBXFileReference section */
		D92923282B7139BE00F091F4 /* Trending Movies.app */ = {isa = PBXFileReference; explicitFileType = wrapper.application; includeInIndex = 0; path = "Trending Movies.app"; sourceTree = BUILT_PRODUCTS_DIR; };
		D929232B2B7139BE00F091F4 /* AppDelegate.swift */ = {isa = PBXFileReference; lastKnownFileType = sourcecode.swift; path = AppDelegate.swift; sourceTree = "<group>"; };
		D92923352B7139BE00F091F4 /* Trending_Movies.xcdatamodel */ = {isa = PBXFileReference; lastKnownFileType = wrapper.xcdatamodel; path = Trending_Movies.xcdatamodel; sourceTree = "<group>"; };
		D92923372B7139BF00F091F4 /* Assets.xcassets */ = {isa = PBXFileReference; lastKnownFileType = folder.assetcatalog; path = Assets.xcassets; sourceTree = "<group>"; };
		D929233A2B7139BF00F091F4 /* Base */ = {isa = PBXFileReference; lastKnownFileType = file.storyboard; name = Base; path = Base.lproj/LaunchScreen.storyboard; sourceTree = "<group>"; };
		D929233C2B7139BF00F091F4 /* Info.plist */ = {isa = PBXFileReference; lastKnownFileType = text.plist.xml; path = Info.plist; sourceTree = "<group>"; };
		D92923412B7139BF00F091F4 /* Trending MoviesTests.xctest */ = {isa = PBXFileReference; explicitFileType = wrapper.cfbundle; includeInIndex = 0; path = "Trending MoviesTests.xctest"; sourceTree = BUILT_PRODUCTS_DIR; };
		D92923452B7139BF00F091F4 /* Trending_MoviesTests.swift */ = {isa = PBXFileReference; lastKnownFileType = sourcecode.swift; path = Trending_MoviesTests.swift; sourceTree = "<group>"; };
		D929234B2B7139BF00F091F4 /* Trending MoviesUITests.xctest */ = {isa = PBXFileReference; explicitFileType = wrapper.cfbundle; includeInIndex = 0; path = "Trending MoviesUITests.xctest"; sourceTree = BUILT_PRODUCTS_DIR; };
		D9DF06272B725F7E004B14A1 /* AppCoordinator.swift */ = {isa = PBXFileReference; lastKnownFileType = sourcecode.swift; path = AppCoordinator.swift; sourceTree = "<group>"; };
		D9DF062C2B727DD8004B14A1 /* Movie.swift */ = {isa = PBXFileReference; lastKnownFileType = sourcecode.swift; path = Movie.swift; sourceTree = "<group>"; };
		D9DF062E2B727EED004B14A1 /* MoviesPage.swift */ = {isa = PBXFileReference; lastKnownFileType = sourcecode.swift; path = MoviesPage.swift; sourceTree = "<group>"; };
		D9DF06302B727F74004B14A1 /* Genre.swift */ = {isa = PBXFileReference; lastKnownFileType = sourcecode.swift; path = Genre.swift; sourceTree = "<group>"; };
		D9DF06342B729B5F004B14A1 /* NetworkService.swift */ = {isa = PBXFileReference; lastKnownFileType = sourcecode.swift; path = NetworkService.swift; sourceTree = "<group>"; };
		D9DF06392B729FC2004B14A1 /* Environment.swift */ = {isa = PBXFileReference; lastKnownFileType = sourcecode.swift; path = Environment.swift; sourceTree = "<group>"; };
		D9DF063B2B72A11B004B14A1 /* EndPoint.swift */ = {isa = PBXFileReference; lastKnownFileType = sourcecode.swift; path = EndPoint.swift; sourceTree = "<group>"; };
		D9DF063D2B72A204004B14A1 /* NetworkConfig.swift */ = {isa = PBXFileReference; lastKnownFileType = sourcecode.swift; path = NetworkConfig.swift; sourceTree = "<group>"; };
		D9DF06432B7363E3004B14A1 /* MovieSummaryDTO.swift */ = {isa = PBXFileReference; lastKnownFileType = sourcecode.swift; path = MovieSummaryDTO.swift; sourceTree = "<group>"; };
		D9DF06452B73642F004B14A1 /* MovieDetailsDTO.swift */ = {isa = PBXFileReference; lastKnownFileType = sourcecode.swift; path = MovieDetailsDTO.swift; sourceTree = "<group>"; };
		D9DF06472B7371FD004B14A1 /* MovieRepository.swift */ = {isa = PBXFileReference; lastKnownFileType = sourcecode.swift; path = MovieRepository.swift; sourceTree = "<group>"; };
		D9DF064A2B73790C004B14A1 /* MoviesPageEntity+DataMapping.swift */ = {isa = PBXFileReference; lastKnownFileType = sourcecode.swift; path = "MoviesPageEntity+DataMapping.swift"; sourceTree = "<group>"; };
		D9DF064C2B737A35004B14A1 /* MovieEntity+DataMapping.swift */ = {isa = PBXFileReference; lastKnownFileType = sourcecode.swift; path = "MovieEntity+DataMapping.swift"; sourceTree = "<group>"; };
		D9DF064E2B73A823004B14A1 /* Genre+DTO.swift */ = {isa = PBXFileReference; lastKnownFileType = sourcecode.swift; path = "Genre+DTO.swift"; sourceTree = "<group>"; };
		D9DF06502B73AC02004B14A1 /* GenreEntity+DataMapping.swift */ = {isa = PBXFileReference; lastKnownFileType = sourcecode.swift; path = "GenreEntity+DataMapping.swift"; sourceTree = "<group>"; };
		D9DF06522B73AC84004B14A1 /* GenreRepository.swift */ = {isa = PBXFileReference; lastKnownFileType = sourcecode.swift; path = GenreRepository.swift; sourceTree = "<group>"; };
		D9DF06542B73BD0D004B14A1 /* SpokenLanguage+DTO.swift */ = {isa = PBXFileReference; lastKnownFileType = sourcecode.swift; path = "SpokenLanguage+DTO.swift"; sourceTree = "<group>"; };
/* End PBXFileReference section */

/* Begin PBXFrameworksBuildPhase section */
		D92923252B7139BE00F091F4 /* Frameworks */ = {
			isa = PBXFrameworksBuildPhase;
			buildActionMask = 2147483647;
			files = (
				D9DF06382B729C87004B14A1 /* RxCocoa in Frameworks */,
			);
			runOnlyForDeploymentPostprocessing = 0;
		};
		D929233E2B7139BF00F091F4 /* Frameworks */ = {
			isa = PBXFrameworksBuildPhase;
			buildActionMask = 2147483647;
			files = (
			);
			runOnlyForDeploymentPostprocessing = 0;
		};
		D92923482B7139BF00F091F4 /* Frameworks */ = {
			isa = PBXFrameworksBuildPhase;
			buildActionMask = 2147483647;
			files = (
			);
			runOnlyForDeploymentPostprocessing = 0;
		};
/* End PBXFrameworksBuildPhase section */

/* Begin PBXGroup section */
		D929231F2B7139BE00F091F4 = {
			isa = PBXGroup;
			children = (
				D929232A2B7139BE00F091F4 /* Trending Movies */,
				D92923442B7139BF00F091F4 /* Trending MoviesTests */,
				D92923292B7139BE00F091F4 /* Products */,
			);
			sourceTree = "<group>";
		};
		D92923292B7139BE00F091F4 /* Products */ = {
			isa = PBXGroup;
			children = (
				D92923282B7139BE00F091F4 /* Trending Movies.app */,
				D92923412B7139BF00F091F4 /* Trending MoviesTests.xctest */,
				D929234B2B7139BF00F091F4 /* Trending MoviesUITests.xctest */,
			);
			name = Products;
			sourceTree = "<group>";
		};
		D929232A2B7139BE00F091F4 /* Trending Movies */ = {
			isa = PBXGroup;
			children = (
				D9DF06332B7299A7004B14A1 /* Network */,
				D9DF06212B7256BA004B14A1 /* Prsentation */,
				D9DF061B2B72520B004B14A1 /* Data */,
				D9DF06292B7265FE004B14A1 /* Domain */,
				D9DF06252B725EAB004B14A1 /* Extensions */,
				D9DF06262B725F21004B14A1 /* Core */,
				D9DF06242B725E84004B14A1 /* Configuration */,
				D9DF06232B725E45004B14A1 /* Resources */,
			);
			path = "Trending Movies";
			sourceTree = "<group>";
		};
		D92923442B7139BF00F091F4 /* Trending MoviesTests */ = {
			isa = PBXGroup;
			children = (
				D92923452B7139BF00F091F4 /* Trending_MoviesTests.swift */,
			);
			path = "Trending MoviesTests";
			sourceTree = "<group>";
		};
		D9DF06192B725190004B14A1 /* Application */ = {
			isa = PBXGroup;
			children = (
				D92923392B7139BF00F091F4 /* LaunchScreen.storyboard */,
				D929232B2B7139BE00F091F4 /* AppDelegate.swift */,
			);
			path = Application;
			sourceTree = "<group>";
		};
		D9DF061A2B7251B0004B14A1 /* Assets */ = {
			isa = PBXGroup;
			children = (
				D92923372B7139BF00F091F4 /* Assets.xcassets */,
			);
			path = Assets;
			sourceTree = "<group>";
		};
		D9DF061B2B72520B004B14A1 /* Data */ = {
			isa = PBXGroup;
			children = (
				D9DF06422B7363A1004B14A1 /* DataMapping */,
				D9DF06202B725303004B14A1 /* PersistentStorages */,
				D9DF061D2B72528F004B14A1 /* Network */,
				D9DF061C2B72521E004B14A1 /* Repositories */,
			);
			path = Data;
			sourceTree = "<group>";
		};
		D9DF061C2B72521E004B14A1 /* Repositories */ = {
			isa = PBXGroup;
			children = (
				D9DF06472B7371FD004B14A1 /* MovieRepository.swift */,
				D9DF06522B73AC84004B14A1 /* GenreRepository.swift */,
			);
			path = Repositories;
			sourceTree = "<group>";
		};
		D9DF061D2B72528F004B14A1 /* Network */ = {
			isa = PBXGroup;
			children = (
				D9DF061E2B7252B6004B14A1 /* DataMapping */,
			);
			path = Network;
			sourceTree = "<group>";
		};
		D9DF061E2B7252B6004B14A1 /* DataMapping */ = {
			isa = PBXGroup;
			children = (
			);
			path = DataMapping;
			sourceTree = "<group>";
		};
		D9DF06202B725303004B14A1 /* PersistentStorages */ = {
			isa = PBXGroup;
			children = (
				D9DF06492B7378DD004B14A1 /* DataMapping */,
				D92923342B7139BE00F091F4 /* Trending_Movies.xcdatamodeld */,
			);
			path = PersistentStorages;
			sourceTree = "<group>";
		};
		D9DF06212B7256BA004B14A1 /* Prsentation */ = {
			isa = PBXGroup;
			children = (
				D9DF06222B7256C6004B14A1 /* MoviesScene */,
			);
			path = Prsentation;
			sourceTree = "<group>";
		};
		D9DF06222B7256C6004B14A1 /* MoviesScene */ = {
			isa = PBXGroup;
			children = (
			);
			path = MoviesScene;
			sourceTree = "<group>";
		};
		D9DF06232B725E45004B14A1 /* Resources */ = {
			isa = PBXGroup;
			children = (
				D9DF06192B725190004B14A1 /* Application */,
				D9DF061A2B7251B0004B14A1 /* Assets */,
			);
			path = Resources;
			sourceTree = "<group>";
		};
		D9DF06242B725E84004B14A1 /* Configuration */ = {
			isa = PBXGroup;
			children = (
				D929233C2B7139BF00F091F4 /* Info.plist */,
			);
			path = Configuration;
			sourceTree = "<group>";
		};
		D9DF06252B725EAB004B14A1 /* Extensions */ = {
			isa = PBXGroup;
			children = (
			);
			path = Extensions;
			sourceTree = "<group>";
		};
		D9DF06262B725F21004B14A1 /* Core */ = {
			isa = PBXGroup;
			children = (
				D9DF06272B725F7E004B14A1 /* AppCoordinator.swift */,
			);
			path = Core;
			sourceTree = "<group>";
		};
		D9DF06292B7265FE004B14A1 /* Domain */ = {
			isa = PBXGroup;
			children = (
				D9DF062A2B72660E004B14A1 /* Entities */,
				D9DF062B2B72661E004B14A1 /* UseCases */,
			);
			path = Domain;
			sourceTree = "<group>";
		};
		D9DF062A2B72660E004B14A1 /* Entities */ = {
			isa = PBXGroup;
			children = (
				D9DF062C2B727DD8004B14A1 /* Movie.swift */,
				D9DF062E2B727EED004B14A1 /* MoviesPage.swift */,
				D9DF06302B727F74004B14A1 /* Genre.swift */,
			);
			path = Entities;
			sourceTree = "<group>";
		};
		D9DF062B2B72661E004B14A1 /* UseCases */ = {
			isa = PBXGroup;
			children = (
			);
			path = UseCases;
			sourceTree = "<group>";
		};
		D9DF06332B7299A7004B14A1 /* Network */ = {
			isa = PBXGroup;
			children = (
				D9DF06342B729B5F004B14A1 /* NetworkService.swift */,
				D9DF063B2B72A11B004B14A1 /* EndPoint.swift */,
				D9DF06392B729FC2004B14A1 /* Environment.swift */,
				D9DF063D2B72A204004B14A1 /* NetworkConfig.swift */,
			);
			path = Network;
			sourceTree = "<group>";
		};
		D9DF06422B7363A1004B14A1 /* DataMapping */ = {
			isa = PBXGroup;
			children = (
				D9DF06432B7363E3004B14A1 /* MovieSummaryDTO.swift */,
				D9DF06452B73642F004B14A1 /* MovieDetailsDTO.swift */,
				D9DF064E2B73A823004B14A1 /* Genre+DTO.swift */,
				D9DF06542B73BD0D004B14A1 /* SpokenLanguage+DTO.swift */,
			);
			path = DataMapping;
			sourceTree = "<group>";
		};
		D9DF06492B7378DD004B14A1 /* DataMapping */ = {
			isa = PBXGroup;
			children = (
				D9DF064A2B73790C004B14A1 /* MoviesPageEntity+DataMapping.swift */,
				D9DF064C2B737A35004B14A1 /* MovieEntity+DataMapping.swift */,
				D9DF06502B73AC02004B14A1 /* GenreEntity+DataMapping.swift */,
			);
			path = DataMapping;
			sourceTree = "<group>";
		};
/* End PBXGroup section */

/* Begin PBXNativeTarget section */
		D92923272B7139BE00F091F4 /* Trending Movies */ = {
			isa = PBXNativeTarget;
			buildConfigurationList = D92923552B7139BF00F091F4 /* Build configuration list for PBXNativeTarget "Trending Movies" */;
			buildPhases = (
				D92923242B7139BE00F091F4 /* Sources */,
				D92923252B7139BE00F091F4 /* Frameworks */,
				D92923262B7139BE00F091F4 /* Resources */,
			);
			buildRules = (
			);
			dependencies = (
			);
			name = "Trending Movies";
			packageProductDependencies = (
				D9DF06372B729C87004B14A1 /* RxCocoa */,
			);
			productName = "Trending Movies";
			productReference = D92923282B7139BE00F091F4 /* Trending Movies.app */;
			productType = "com.apple.product-type.application";
		};
		D92923402B7139BF00F091F4 /* Trending MoviesTests */ = {
			isa = PBXNativeTarget;
			buildConfigurationList = D92923582B7139BF00F091F4 /* Build configuration list for PBXNativeTarget "Trending MoviesTests" */;
			buildPhases = (
				D929233D2B7139BF00F091F4 /* Sources */,
				D929233E2B7139BF00F091F4 /* Frameworks */,
				D929233F2B7139BF00F091F4 /* Resources */,
			);
			buildRules = (
			);
			dependencies = (
				D92923432B7139BF00F091F4 /* PBXTargetDependency */,
			);
			name = "Trending MoviesTests";
			productName = "Trending MoviesTests";
			productReference = D92923412B7139BF00F091F4 /* Trending MoviesTests.xctest */;
			productType = "com.apple.product-type.bundle.unit-test";
		};
		D929234A2B7139BF00F091F4 /* Trending MoviesUITests */ = {
			isa = PBXNativeTarget;
			buildConfigurationList = D929235B2B7139BF00F091F4 /* Build configuration list for PBXNativeTarget "Trending MoviesUITests" */;
			buildPhases = (
				D92923472B7139BF00F091F4 /* Sources */,
				D92923482B7139BF00F091F4 /* Frameworks */,
				D92923492B7139BF00F091F4 /* Resources */,
			);
			buildRules = (
			);
			dependencies = (
				D929234D2B7139BF00F091F4 /* PBXTargetDependency */,
			);
			name = "Trending MoviesUITests";
			productName = "Trending MoviesUITests";
			productReference = D929234B2B7139BF00F091F4 /* Trending MoviesUITests.xctest */;
			productType = "com.apple.product-type.bundle.ui-testing";
		};
/* End PBXNativeTarget section */

/* Begin PBXProject section */
		D92923202B7139BE00F091F4 /* Project object */ = {
			isa = PBXProject;
			attributes = {
				BuildIndependentTargetsInParallel = 1;
				LastSwiftUpdateCheck = 1520;
				LastUpgradeCheck = 1520;
				TargetAttributes = {
					D92923272B7139BE00F091F4 = {
						CreatedOnToolsVersion = 15.2;
					};
					D92923402B7139BF00F091F4 = {
						CreatedOnToolsVersion = 15.2;
						TestTargetID = D92923272B7139BE00F091F4;
					};
					D929234A2B7139BF00F091F4 = {
						CreatedOnToolsVersion = 15.2;
						TestTargetID = D92923272B7139BE00F091F4;
					};
				};
			};
			buildConfigurationList = D92923232B7139BE00F091F4 /* Build configuration list for PBXProject "Trending Movies" */;
			compatibilityVersion = "Xcode 14.0";
			developmentRegion = en;
			hasScannedForEncodings = 0;
			knownRegions = (
				en,
				Base,
			);
			mainGroup = D929231F2B7139BE00F091F4;
			packageReferences = (
				D9DF06362B729C87004B14A1 /* XCRemoteSwiftPackageReference "RxSwift" */,
			);
			productRefGroup = D92923292B7139BE00F091F4 /* Products */;
			projectDirPath = "";
			projectRoot = "";
			targets = (
				D92923272B7139BE00F091F4 /* Trending Movies */,
				D92923402B7139BF00F091F4 /* Trending MoviesTests */,
				D929234A2B7139BF00F091F4 /* Trending MoviesUITests */,
			);
		};
/* End PBXProject section */

/* Begin PBXResourcesBuildPhase section */
		D92923262B7139BE00F091F4 /* Resources */ = {
			isa = PBXResourcesBuildPhase;
			buildActionMask = 2147483647;
			files = (
				D929233B2B7139BF00F091F4 /* LaunchScreen.storyboard in Resources */,
				D92923382B7139BF00F091F4 /* Assets.xcassets in Resources */,
			);
			runOnlyForDeploymentPostprocessing = 0;
		};
		D929233F2B7139BF00F091F4 /* Resources */ = {
			isa = PBXResourcesBuildPhase;
			buildActionMask = 2147483647;
			files = (
			);
			runOnlyForDeploymentPostprocessing = 0;
		};
		D92923492B7139BF00F091F4 /* Resources */ = {
			isa = PBXResourcesBuildPhase;
			buildActionMask = 2147483647;
			files = (
			);
			runOnlyForDeploymentPostprocessing = 0;
		};
/* End PBXResourcesBuildPhase section */

/* Begin PBXSourcesBuildPhase section */
		D92923242B7139BE00F091F4 /* Sources */ = {
			isa = PBXSourcesBuildPhase;
			buildActionMask = 2147483647;
			files = (
				D9DF062F2B727EED004B14A1 /* MoviesPage.swift in Sources */,
				D9DF063A2B729FC2004B14A1 /* Environment.swift in Sources */,
				D9DF06282B725F7E004B14A1 /* AppCoordinator.swift in Sources */,
				D9DF06482B7371FD004B14A1 /* MovieRepository.swift in Sources */,
				D9DF063C2B72A11B004B14A1 /* EndPoint.swift in Sources */,
				D9DF064B2B73790C004B14A1 /* MoviesPageEntity+DataMapping.swift in Sources */,
				D9DF06552B73BD0D004B14A1 /* SpokenLanguage+DTO.swift in Sources */,
				D9DF064D2B737A35004B14A1 /* MovieEntity+DataMapping.swift in Sources */,
				D9DF06532B73AC84004B14A1 /* GenreRepository.swift in Sources */,
				D9DF06312B727F74004B14A1 /* Genre.swift in Sources */,
				D9DF06412B72A4BD004B14A1 /* Trending_Movies.xcdatamodeld in Sources */,
				D9DF063E2B72A204004B14A1 /* NetworkConfig.swift in Sources */,
				D9DF062D2B727DD8004B14A1 /* Movie.swift in Sources */,
				D9DF06512B73AC02004B14A1 /* GenreEntity+DataMapping.swift in Sources */,
				D9DF06352B729B5F004B14A1 /* NetworkService.swift in Sources */,
				D9DF06462B73642F004B14A1 /* MovieDetailsDTO.swift in Sources */,
				D9DF064F2B73A823004B14A1 /* Genre+DTO.swift in Sources */,
				D9DF06442B7363E3004B14A1 /* MovieSummaryDTO.swift in Sources */,
				D929232C2B7139BE00F091F4 /* AppDelegate.swift in Sources */,
			);
			runOnlyForDeploymentPostprocessing = 0;
		};
		D929233D2B7139BF00F091F4 /* Sources */ = {
			isa = PBXSourcesBuildPhase;
			buildActionMask = 2147483647;
			files = (
				D92923462B7139BF00F091F4 /* Trending_MoviesTests.swift in Sources */,
			);
			runOnlyForDeploymentPostprocessing = 0;
		};
		D92923472B7139BF00F091F4 /* Sources */ = {
			isa = PBXSourcesBuildPhase;
			buildActionMask = 2147483647;
			files = (
			);
			runOnlyForDeploymentPostprocessing = 0;
		};
/* End PBXSourcesBuildPhase section */

/* Begin PBXTargetDependency section */
		D92923432B7139BF00F091F4 /* PBXTargetDependency */ = {
			isa = PBXTargetDependency;
			target = D92923272B7139BE00F091F4 /* Trending Movies */;
			targetProxy = D92923422B7139BF00F091F4 /* PBXContainerItemProxy */;
		};
		D929234D2B7139BF00F091F4 /* PBXTargetDependency */ = {
			isa = PBXTargetDependency;
			target = D92923272B7139BE00F091F4 /* Trending Movies */;
			targetProxy = D929234C2B7139BF00F091F4 /* PBXContainerItemProxy */;
		};
/* End PBXTargetDependency section */

/* Begin PBXVariantGroup section */
		D92923392B7139BF00F091F4 /* LaunchScreen.storyboard */ = {
			isa = PBXVariantGroup;
			children = (
				D929233A2B7139BF00F091F4 /* Base */,
			);
			name = LaunchScreen.storyboard;
			sourceTree = "<group>";
		};
/* End PBXVariantGroup section */

/* Begin XCBuildConfiguration section */
		D92923532B7139BF00F091F4 /* Debug */ = {
			isa = XCBuildConfiguration;
			buildSettings = {
				ALWAYS_SEARCH_USER_PATHS = NO;
				ASSETCATALOG_COMPILER_GENERATE_SWIFT_ASSET_SYMBOL_EXTENSIONS = YES;
				CLANG_ANALYZER_NONNULL = YES;
				CLANG_ANALYZER_NUMBER_OBJECT_CONVERSION = YES_AGGRESSIVE;
				CLANG_CXX_LANGUAGE_STANDARD = "gnu++20";
				CLANG_ENABLE_MODULES = YES;
				CLANG_ENABLE_OBJC_ARC = YES;
				CLANG_ENABLE_OBJC_WEAK = YES;
				CLANG_WARN_BLOCK_CAPTURE_AUTORELEASING = YES;
				CLANG_WARN_BOOL_CONVERSION = YES;
				CLANG_WARN_COMMA = YES;
				CLANG_WARN_CONSTANT_CONVERSION = YES;
				CLANG_WARN_DEPRECATED_OBJC_IMPLEMENTATIONS = YES;
				CLANG_WARN_DIRECT_OBJC_ISA_USAGE = YES_ERROR;
				CLANG_WARN_DOCUMENTATION_COMMENTS = YES;
				CLANG_WARN_EMPTY_BODY = YES;
				CLANG_WARN_ENUM_CONVERSION = YES;
				CLANG_WARN_INFINITE_RECURSION = YES;
				CLANG_WARN_INT_CONVERSION = YES;
				CLANG_WARN_NON_LITERAL_NULL_CONVERSION = YES;
				CLANG_WARN_OBJC_IMPLICIT_RETAIN_SELF = YES;
				CLANG_WARN_OBJC_LITERAL_CONVERSION = YES;
				CLANG_WARN_OBJC_ROOT_CLASS = YES_ERROR;
				CLANG_WARN_QUOTED_INCLUDE_IN_FRAMEWORK_HEADER = YES;
				CLANG_WARN_RANGE_LOOP_ANALYSIS = YES;
				CLANG_WARN_STRICT_PROTOTYPES = YES;
				CLANG_WARN_SUSPICIOUS_MOVE = YES;
				CLANG_WARN_UNGUARDED_AVAILABILITY = YES_AGGRESSIVE;
				CLANG_WARN_UNREACHABLE_CODE = YES;
				CLANG_WARN__DUPLICATE_METHOD_MATCH = YES;
				COPY_PHASE_STRIP = NO;
				DEBUG_INFORMATION_FORMAT = dwarf;
				ENABLE_STRICT_OBJC_MSGSEND = YES;
				ENABLE_TESTABILITY = YES;
				ENABLE_USER_SCRIPT_SANDBOXING = YES;
				GCC_C_LANGUAGE_STANDARD = gnu17;
				GCC_DYNAMIC_NO_PIC = NO;
				GCC_NO_COMMON_BLOCKS = YES;
				GCC_OPTIMIZATION_LEVEL = 0;
				GCC_PREPROCESSOR_DEFINITIONS = (
					"DEBUG=1",
					"$(inherited)",
				);
				GCC_WARN_64_TO_32_BIT_CONVERSION = YES;
				GCC_WARN_ABOUT_RETURN_TYPE = YES_ERROR;
				GCC_WARN_UNDECLARED_SELECTOR = YES;
				GCC_WARN_UNINITIALIZED_AUTOS = YES_AGGRESSIVE;
				GCC_WARN_UNUSED_FUNCTION = YES;
				GCC_WARN_UNUSED_VARIABLE = YES;
				IPHONEOS_DEPLOYMENT_TARGET = 17.2;
				LOCALIZATION_PREFERS_STRING_CATALOGS = YES;
				MTL_ENABLE_DEBUG_INFO = INCLUDE_SOURCE;
				MTL_FAST_MATH = YES;
				ONLY_ACTIVE_ARCH = YES;
				SDKROOT = iphoneos;
				SWIFT_ACTIVE_COMPILATION_CONDITIONS = "DEBUG $(inherited)";
				SWIFT_OPTIMIZATION_LEVEL = "-Onone";
			};
			name = Debug;
		};
		D92923542B7139BF00F091F4 /* Release */ = {
			isa = XCBuildConfiguration;
			buildSettings = {
				ALWAYS_SEARCH_USER_PATHS = NO;
				ASSETCATALOG_COMPILER_GENERATE_SWIFT_ASSET_SYMBOL_EXTENSIONS = YES;
				CLANG_ANALYZER_NONNULL = YES;
				CLANG_ANALYZER_NUMBER_OBJECT_CONVERSION = YES_AGGRESSIVE;
				CLANG_CXX_LANGUAGE_STANDARD = "gnu++20";
				CLANG_ENABLE_MODULES = YES;
				CLANG_ENABLE_OBJC_ARC = YES;
				CLANG_ENABLE_OBJC_WEAK = YES;
				CLANG_WARN_BLOCK_CAPTURE_AUTORELEASING = YES;
				CLANG_WARN_BOOL_CONVERSION = YES;
				CLANG_WARN_COMMA = YES;
				CLANG_WARN_CONSTANT_CONVERSION = YES;
				CLANG_WARN_DEPRECATED_OBJC_IMPLEMENTATIONS = YES;
				CLANG_WARN_DIRECT_OBJC_ISA_USAGE = YES_ERROR;
				CLANG_WARN_DOCUMENTATION_COMMENTS = YES;
				CLANG_WARN_EMPTY_BODY = YES;
				CLANG_WARN_ENUM_CONVERSION = YES;
				CLANG_WARN_INFINITE_RECURSION = YES;
				CLANG_WARN_INT_CONVERSION = YES;
				CLANG_WARN_NON_LITERAL_NULL_CONVERSION = YES;
				CLANG_WARN_OBJC_IMPLICIT_RETAIN_SELF = YES;
				CLANG_WARN_OBJC_LITERAL_CONVERSION = YES;
				CLANG_WARN_OBJC_ROOT_CLASS = YES_ERROR;
				CLANG_WARN_QUOTED_INCLUDE_IN_FRAMEWORK_HEADER = YES;
				CLANG_WARN_RANGE_LOOP_ANALYSIS = YES;
				CLANG_WARN_STRICT_PROTOTYPES = YES;
				CLANG_WARN_SUSPICIOUS_MOVE = YES;
				CLANG_WARN_UNGUARDED_AVAILABILITY = YES_AGGRESSIVE;
				CLANG_WARN_UNREACHABLE_CODE = YES;
				CLANG_WARN__DUPLICATE_METHOD_MATCH = YES;
				COPY_PHASE_STRIP = NO;
				DEBUG_INFORMATION_FORMAT = "dwarf-with-dsym";
				ENABLE_NS_ASSERTIONS = NO;
				ENABLE_STRICT_OBJC_MSGSEND = YES;
				ENABLE_USER_SCRIPT_SANDBOXING = YES;
				GCC_C_LANGUAGE_STANDARD = gnu17;
				GCC_NO_COMMON_BLOCKS = YES;
				GCC_WARN_64_TO_32_BIT_CONVERSION = YES;
				GCC_WARN_ABOUT_RETURN_TYPE = YES_ERROR;
				GCC_WARN_UNDECLARED_SELECTOR = YES;
				GCC_WARN_UNINITIALIZED_AUTOS = YES_AGGRESSIVE;
				GCC_WARN_UNUSED_FUNCTION = YES;
				GCC_WARN_UNUSED_VARIABLE = YES;
				IPHONEOS_DEPLOYMENT_TARGET = 17.2;
				LOCALIZATION_PREFERS_STRING_CATALOGS = YES;
				MTL_ENABLE_DEBUG_INFO = NO;
				MTL_FAST_MATH = YES;
				SDKROOT = iphoneos;
				SWIFT_COMPILATION_MODE = wholemodule;
				VALIDATE_PRODUCT = YES;
			};
			name = Release;
		};
		D92923562B7139BF00F091F4 /* Debug */ = {
			isa = XCBuildConfiguration;
			buildSettings = {
				ASSETCATALOG_COMPILER_APPICON_NAME = AppIcon;
				ASSETCATALOG_COMPILER_GLOBAL_ACCENT_COLOR_NAME = AccentColor;
				CODE_SIGN_STYLE = Automatic;
				CURRENT_PROJECT_VERSION = 1;
				DEVELOPMENT_TEAM = 5C73VTKMYW;
				GENERATE_INFOPLIST_FILE = YES;
				INFOPLIST_FILE = "/Users/mohamed/Documents/TrendingMovies/Trending Movies/Configuration/Info.plist";
				INFOPLIST_KEY_UIApplicationSupportsIndirectInputEvents = YES;
				INFOPLIST_KEY_UILaunchStoryboardName = LaunchScreen;
				INFOPLIST_KEY_UISupportedInterfaceOrientations_iPad = "UIInterfaceOrientationPortrait UIInterfaceOrientationPortraitUpsideDown UIInterfaceOrientationLandscapeLeft UIInterfaceOrientationLandscapeRight";
				INFOPLIST_KEY_UISupportedInterfaceOrientations_iPhone = "UIInterfaceOrientationPortrait UIInterfaceOrientationLandscapeLeft UIInterfaceOrientationLandscapeRight";
				LD_RUNPATH_SEARCH_PATHS = (
					"$(inherited)",
					"@executable_path/Frameworks",
				);
				MARKETING_VERSION = 1.0;
				PRODUCT_BUNDLE_IDENTIFIER = "Jahez.Trending-Movies";
				PRODUCT_NAME = "$(TARGET_NAME)";
				SWIFT_EMIT_LOC_STRINGS = YES;
				SWIFT_VERSION = 5.0;
				TARGETED_DEVICE_FAMILY = "1,2";
			};
			name = Debug;
		};
		D92923572B7139BF00F091F4 /* Release */ = {
			isa = XCBuildConfiguration;
			buildSettings = {
				ASSETCATALOG_COMPILER_APPICON_NAME = AppIcon;
				ASSETCATALOG_COMPILER_GLOBAL_ACCENT_COLOR_NAME = AccentColor;
				CODE_SIGN_STYLE = Automatic;
				CURRENT_PROJECT_VERSION = 1;
				DEVELOPMENT_TEAM = 5C73VTKMYW;
				GENERATE_INFOPLIST_FILE = YES;
				INFOPLIST_FILE = "/Users/mohamed/Documents/TrendingMovies/Trending Movies/Configuration/Info.plist";
				INFOPLIST_KEY_UIApplicationSupportsIndirectInputEvents = YES;
				INFOPLIST_KEY_UILaunchStoryboardName = LaunchScreen;
				INFOPLIST_KEY_UISupportedInterfaceOrientations_iPad = "UIInterfaceOrientationPortrait UIInterfaceOrientationPortraitUpsideDown UIInterfaceOrientationLandscapeLeft UIInterfaceOrientationLandscapeRight";
				INFOPLIST_KEY_UISupportedInterfaceOrientations_iPhone = "UIInterfaceOrientationPortrait UIInterfaceOrientationLandscapeLeft UIInterfaceOrientationLandscapeRight";
				LD_RUNPATH_SEARCH_PATHS = (
					"$(inherited)",
					"@executable_path/Frameworks",
				);
				MARKETING_VERSION = 1.0;
				PRODUCT_BUNDLE_IDENTIFIER = "Jahez.Trending-Movies";
				PRODUCT_NAME = "$(TARGET_NAME)";
				SWIFT_EMIT_LOC_STRINGS = YES;
				SWIFT_VERSION = 5.0;
				TARGETED_DEVICE_FAMILY = "1,2";
			};
			name = Release;
		};
		D92923592B7139BF00F091F4 /* Debug */ = {
			isa = XCBuildConfiguration;
			buildSettings = {
				ALWAYS_EMBED_SWIFT_STANDARD_LIBRARIES = YES;
				BUNDLE_LOADER = "$(TEST_HOST)";
				CODE_SIGN_STYLE = Automatic;
				CURRENT_PROJECT_VERSION = 1;
				DEVELOPMENT_TEAM = 5C73VTKMYW;
				GENERATE_INFOPLIST_FILE = YES;
				IPHONEOS_DEPLOYMENT_TARGET = 17.2;
				MARKETING_VERSION = 1.0;
				PRODUCT_BUNDLE_IDENTIFIER = "Jahez.Trending-MoviesTests";
				PRODUCT_NAME = "$(TARGET_NAME)";
				SWIFT_EMIT_LOC_STRINGS = NO;
				SWIFT_VERSION = 5.0;
				TARGETED_DEVICE_FAMILY = "1,2";
				TEST_HOST = "$(BUILT_PRODUCTS_DIR)/Trending Movies.app/$(BUNDLE_EXECUTABLE_FOLDER_PATH)/Trending Movies";
			};
			name = Debug;
		};
		D929235A2B7139BF00F091F4 /* Release */ = {
			isa = XCBuildConfiguration;
			buildSettings = {
				ALWAYS_EMBED_SWIFT_STANDARD_LIBRARIES = YES;
				BUNDLE_LOADER = "$(TEST_HOST)";
				CODE_SIGN_STYLE = Automatic;
				CURRENT_PROJECT_VERSION = 1;
				DEVELOPMENT_TEAM = 5C73VTKMYW;
				GENERATE_INFOPLIST_FILE = YES;
				IPHONEOS_DEPLOYMENT_TARGET = 17.2;
				MARKETING_VERSION = 1.0;
				PRODUCT_BUNDLE_IDENTIFIER = "Jahez.Trending-MoviesTests";
				PRODUCT_NAME = "$(TARGET_NAME)";
				SWIFT_EMIT_LOC_STRINGS = NO;
				SWIFT_VERSION = 5.0;
				TARGETED_DEVICE_FAMILY = "1,2";
				TEST_HOST = "$(BUILT_PRODUCTS_DIR)/Trending Movies.app/$(BUNDLE_EXECUTABLE_FOLDER_PATH)/Trending Movies";
			};
			name = Release;
		};
		D929235C2B7139BF00F091F4 /* Debug */ = {
			isa = XCBuildConfiguration;
			buildSettings = {
				ALWAYS_EMBED_SWIFT_STANDARD_LIBRARIES = YES;
				CODE_SIGN_STYLE = Automatic;
				CURRENT_PROJECT_VERSION = 1;
				DEVELOPMENT_TEAM = 5C73VTKMYW;
				GENERATE_INFOPLIST_FILE = YES;
				MARKETING_VERSION = 1.0;
				PRODUCT_BUNDLE_IDENTIFIER = "Jahez.Trending-MoviesUITests";
				PRODUCT_NAME = "$(TARGET_NAME)";
				SWIFT_EMIT_LOC_STRINGS = NO;
				SWIFT_VERSION = 5.0;
				TARGETED_DEVICE_FAMILY = "1,2";
				TEST_TARGET_NAME = "Trending Movies";
			};
			name = Debug;
		};
		D929235D2B7139BF00F091F4 /* Release */ = {
			isa = XCBuildConfiguration;
			buildSettings = {
				ALWAYS_EMBED_SWIFT_STANDARD_LIBRARIES = YES;
				CODE_SIGN_STYLE = Automatic;
				CURRENT_PROJECT_VERSION = 1;
				DEVELOPMENT_TEAM = 5C73VTKMYW;
				GENERATE_INFOPLIST_FILE = YES;
				MARKETING_VERSION = 1.0;
				PRODUCT_BUNDLE_IDENTIFIER = "Jahez.Trending-MoviesUITests";
				PRODUCT_NAME = "$(TARGET_NAME)";
				SWIFT_EMIT_LOC_STRINGS = NO;
				SWIFT_VERSION = 5.0;
				TARGETED_DEVICE_FAMILY = "1,2";
				TEST_TARGET_NAME = "Trending Movies";
			};
			name = Release;
		};
/* End XCBuildConfiguration section */

/* Begin XCConfigurationList section */
		D92923232B7139BE00F091F4 /* Build configuration list for PBXProject "Trending Movies" */ = {
			isa = XCConfigurationList;
			buildConfigurations = (
				D92923532B7139BF00F091F4 /* Debug */,
				D92923542B7139BF00F091F4 /* Release */,
			);
			defaultConfigurationIsVisible = 0;
			defaultConfigurationName = Release;
		};
		D92923552B7139BF00F091F4 /* Build configuration list for PBXNativeTarget "Trending Movies" */ = {
			isa = XCConfigurationList;
			buildConfigurations = (
				D92923562B7139BF00F091F4 /* Debug */,
				D92923572B7139BF00F091F4 /* Release */,
			);
			defaultConfigurationIsVisible = 0;
			defaultConfigurationName = Release;
		};
		D92923582B7139BF00F091F4 /* Build configuration list for PBXNativeTarget "Trending MoviesTests" */ = {
			isa = XCConfigurationList;
			buildConfigurations = (
				D92923592B7139BF00F091F4 /* Debug */,
				D929235A2B7139BF00F091F4 /* Release */,
			);
			defaultConfigurationIsVisible = 0;
			defaultConfigurationName = Release;
		};
		D929235B2B7139BF00F091F4 /* Build configuration list for PBXNativeTarget "Trending MoviesUITests" */ = {
			isa = XCConfigurationList;
			buildConfigurations = (
				D929235C2B7139BF00F091F4 /* Debug */,
				D929235D2B7139BF00F091F4 /* Release */,
			);
			defaultConfigurationIsVisible = 0;
			defaultConfigurationName = Release;
		};
/* End XCConfigurationList section */

/* Begin XCRemoteSwiftPackageReference section */
		D9DF06362B729C87004B14A1 /* XCRemoteSwiftPackageReference "RxSwift" */ = {
			isa = XCRemoteSwiftPackageReference;
			repositoryURL = "https://github.com/ReactiveX/RxSwift.git";
			requirement = {
				kind = exactVersion;
				version = 6.6.0;
			};
		};
/* End XCRemoteSwiftPackageReference section */

/* Begin XCSwiftPackageProductDependency section */
		D9DF06372B729C87004B14A1 /* RxCocoa */ = {
			isa = XCSwiftPackageProductDependency;
			package = D9DF06362B729C87004B14A1 /* XCRemoteSwiftPackageReference "RxSwift" */;
			productName = RxCocoa;
		};
/* End XCSwiftPackageProductDependency section */

/* Begin XCVersionGroup section */
		D92923342B7139BE00F091F4 /* Trending_Movies.xcdatamodeld */ = {
			isa = XCVersionGroup;
			children = (
				D92923352B7139BE00F091F4 /* Trending_Movies.xcdatamodel */,
			);
			currentVersion = D92923352B7139BE00F091F4 /* Trending_Movies.xcdatamodel */;
			path = Trending_Movies.xcdatamodeld;
			sourceTree = "<group>";
			versionGroupType = wrapper.xcdatamodel;
		};
/* End XCVersionGroup section */
	};
	rootObject = D92923202B7139BE00F091F4 /* Project object */;
}
